PODS:
  - DACircularProgress (2.3.1)
  - Masonry (1.0.1)
  - SDWebImage (3.8.1):
    - SDWebImage/Core (= 3.8.1)
  - SDWebImage/Core (3.8.1)
  - TouchJSON (1.1)

DEPENDENCIES:
  - DACircularProgress (~> 2.3.1)
  - Masonry (~> 1.0.1)
  - SDWebImage (~> 3.8.1)
  - TouchJSON (~> 1.1)

SPEC CHECKSUMS:
  DACircularProgress: 4dd437c0fc3da5161cb289e07ac449493d41db71
  Masonry: a1a931a0d08870ed8ae415a2ea5ea68ebcac77df
  SDWebImage: 35f9627a3e44b4f292a8a8ce6a531fa488239b91
  TouchJSON: 39be3595ebe489095311d97ce0c824417324cb74

PODFILE CHECKSUM: 35c876a3c72d54f60a5f8107a542a299f8cf4a04

COCOAPODS: 1.0.1
